<Solution>
  <Project Path="BlogAppTests/BlogAppTests.csproj" />
  <Project Path="Core/Core.csproj" Id="70e248f9-1ea5-4a0a-aafd-bba27be3e3cb" />
  <Project Path="Infrastructure/Infrastructure.csproj" Id="a4b05bca-a534-4876-8873-d29d001447c2" />
  <Project Path="MVCBlogApp/MVCBlogApp.csproj" />
</Solution>
